Microsoft Visual Studio Solution File, Format Version 12.00
# Visual Studio Version 17
VisualStudioVersion = 17.0.31903.59
MinimumVisualStudioVersion = 10.0.40219.1
Project("{FAE04EC0-301F-11D3-BF4B-00C04F79EFBC}") = "EmlArchiveViewer", "src\EmlArchiveViewer\EmlArchiveViewer.csproj", "{2DE0A030-6514-4779-87CD-537E0DB37E03}"
EndProject
Project("{FAE04EC0-301F-11D3-BF4B-00C04F79EFBC}") = "EmlArchiveViewer.SmokeTests", "tests\EmlArchiveViewer.SmokeTests\EmlArchiveViewer.SmokeTests.csproj", "{C8D8435A-D0F0-43D0-8A11-23DA5F4D74DE}"
EndProject
Global
	GlobalSection(SolutionConfigurationPlatforms) = preSolution
		Debug|Any CPU = Debug|Any CPU
		Release|Any CPU = Release|Any CPU
	EndGlobalSection
	GlobalSection(ProjectConfigurationPlatforms) = postSolution
		{2DE0A030-6514-4779-87CD-537E0DB37E03}.Debug|Any CPU.ActiveCfg = Debug|Any CPU
		{2DE0A030-6514-4779-87CD-537E0DB37E03}.Debug|Any CPU.Build.0 = Debug|Any CPU
		{2DE0A030-6514-4779-87CD-537E0DB37E03}.Release|Any CPU.ActiveCfg = Release|Any CPU
		{2DE0A030-6514-4779-87CD-537E0DB37E03}.Release|Any CPU.Build.0 = Release|Any CPU
		{C8D8435A-D0F0-43D0-8A11-23DA5F4D74DE}.Debug|Any CPU.ActiveCfg = Debug|Any CPU
		{C8D8435A-D0F0-43D0-8A11-23DA5F4D74DE}.Debug|Any CPU.Build.0 = Debug|Any CPU
		{C8D8435A-D0F0-43D0-8A11-23DA5F4D74DE}.Release|Any CPU.ActiveCfg = Release|Any CPU
		{C8D8435A-D0F0-43D0-8A11-23DA5F4D74DE}.Release|Any CPU.Build.0 = Release|Any CPU
	EndGlobalSection
EndGlobal
